{
  "version": 4,
  "terraform_version": "1.9.8",
  "serial": 22,
  "lineage": "5536f516-fc80-ee96-3fe9-f2580ccf1abe",
  "outputs": {
    "bastion_public_ip": {
      "value": "35.175.216.30",
      "type": "string"
    },
    "igw_name": {
      "value": "ter-IG",
      "type": "string"
    },
    "vpc_id": {
      "value": "vpc-0d00193efa85f6a07",
      "type": "string"
    }
  },
  "resources": [
    {
      "mode": "managed",
      "type": "aws_eip",
      "name": "nigw-eip",
      "provider": "provider[\"registry.terraform.io/hashicorp/aws\"]",
      "instances": [
        {
          "schema_version": 0,
          "attributes": {
            "address": null,
            "allocation_id": "eipalloc-022b609a1f2deaaac",
            "arn": "arn:aws:ec2:us-east-1:593793064736:elastic-ip/eipalloc-022b609a1f2deaaac",
            "associate_with_private_ip": null,
            "association_id": "",
            "carrier_ip": "",
            "customer_owned_ip": "",
            "customer_owned_ipv4_pool": "",
            "domain": "vpc",
            "id": "eipalloc-022b609a1f2deaaac",
            "instance": "",
            "ipam_pool_id": null,
            "network_border_group": "us-east-1",
            "network_interface": "",
            "private_dns": null,
            "private_ip": "",
            "ptr_record": "",
            "public_dns": "ec2-54-236-238-214.compute-1.amazonaws.com",
            "public_ip": "54.236.238.214",
            "public_ipv4_pool": "amazon",
            "tags": {},
            "tags_all": {},
            "timeouts": null,
            "vpc": true
          },
          "sensitive_attributes": [],
          "private": "eyJlMmJmYjczMC1lY2FhLTExZTYtOGY4OC0zNDM2M2JjN2M0YzAiOnsiZGVsZXRlIjoxODAwMDAwMDAwMDAsInJlYWQiOjkwMDAwMDAwMDAwMCwidXBkYXRlIjozMDAwMDAwMDAwMDB9fQ==",
          "dependencies": [
            "aws_internet_gateway.vpc_igw"
          ]
        }
      ]
    },
    {
      "mode": "managed",
      "type": "aws_instance",
      "name": "bastion",
      "provider": "provider[\"registry.terraform.io/hashicorp/aws\"]",
      "instances": [
        {
          "schema_version": 1,
          "attributes": {
            "ami": "ami-0453ec754f44f9a4a",
            "arn": "arn:aws:ec2:us-east-1:593793064736:instance/i-05c46d686ec2ffb57",
            "associate_public_ip_address": true,
            "availability_zone": "us-east-1d",
            "capacity_reservation_specification": [
              {
                "capacity_reservation_preference": "open",
                "capacity_reservation_target": []
              }
            ],
            "cpu_core_count": 1,
            "cpu_options": [
              {
                "amd_sev_snp": "",
                "core_count": 1,
                "threads_per_core": 1
              }
            ],
            "cpu_threads_per_core": 1,
            "credit_specification": [
              {
                "cpu_credits": "standard"
              }
            ],
            "disable_api_stop": false,
            "disable_api_termination": false,
            "ebs_block_device": [],
            "ebs_optimized": false,
            "enclave_options": [
              {
                "enabled": false
              }
            ],
            "ephemeral_block_device": [],
            "get_password_data": false,
            "hibernation": false,
            "host_id": "",
            "host_resource_group_arn": null,
            "iam_instance_profile": "",
            "id": "i-05c46d686ec2ffb57",
            "instance_initiated_shutdown_behavior": "stop",
            "instance_lifecycle": "",
            "instance_market_options": [],
            "instance_state": "running",
            "instance_type": "t2.micro",
            "ipv6_address_count": 0,
            "ipv6_addresses": [],
            "key_name": "ter-key",
            "launch_template": [],
            "maintenance_options": [
              {
                "auto_recovery": "default"
              }
            ],
            "metadata_options": [
              {
                "http_endpoint": "enabled",
                "http_protocol_ipv6": "disabled",
                "http_put_response_hop_limit": 2,
                "http_tokens": "required",
                "instance_metadata_tags": "disabled"
              }
            ],
            "monitoring": false,
            "network_interface": [],
            "outpost_arn": "",
            "password_data": "",
            "placement_group": "",
            "placement_partition_number": 0,
            "primary_network_interface_id": "eni-00c2cd327a72ffc71",
            "private_dns": "ip-10-20-1-206.ec2.internal",
            "private_dns_name_options": [
              {
                "enable_resource_name_dns_a_record": false,
                "enable_resource_name_dns_aaaa_record": false,
                "hostname_type": "ip-name"
              }
            ],
            "private_ip": "10.20.1.206",
            "public_dns": "",
            "public_ip": "35.175.216.30",
            "root_block_device": [
              {
                "delete_on_termination": true,
                "device_name": "/dev/xvda",
                "encrypted": false,
                "iops": 3000,
                "kms_key_id": "",
                "tags": {},
                "tags_all": {},
                "throughput": 125,
                "volume_id": "vol-08714f262032fbd91",
                "volume_size": 8,
                "volume_type": "gp3"
              }
            ],
            "secondary_private_ips": [],
            "security_groups": [
              "sg-05621d7a40a498179"
            ],
            "source_dest_check": true,
            "spot_instance_request_id": "",
            "subnet_id": "subnet-07d4f94d0103c1f85",
            "tags": {
              "Description": "Bastion Host Instance",
              "Name": "Bastion Host"
            },
            "tags_all": {
              "Description": "Bastion Host Instance",
              "Name": "Bastion Host"
            },
            "tenancy": "default",
            "timeouts": null,
            "user_data": null,
            "user_data_base64": null,
            "user_data_replace_on_change": false,
            "volume_tags": null,
            "vpc_security_group_ids": [
              "sg-05621d7a40a498179"
            ]
          },
          "sensitive_attributes": [],
          "private": "eyJlMmJmYjczMC1lY2FhLTExZTYtOGY4OC0zNDM2M2JjN2M0YzAiOnsiY3JlYXRlIjo2MDAwMDAwMDAwMDAsImRlbGV0ZSI6MTIwMDAwMDAwMDAwMCwicmVhZCI6OTAwMDAwMDAwMDAwLCJ1cGRhdGUiOjYwMDAwMDAwMDAwMH0sInNjaGVtYV92ZXJzaW9uIjoiMSJ9",
          "dependencies": [
            "aws_key_pair.ter-key",
            "aws_security_group.bastion_sg",
            "aws_subnet.pub_subnet",
            "aws_vpc.myapp_vpc",
            "tls_private_key.rsa"
          ]
        }
      ]
    },
    {
      "mode": "managed",
      "type": "aws_instance",
      "name": "my_ec2",
      "provider": "provider[\"registry.terraform.io/hashicorp/aws\"]",
      "instances": [
        {
          "schema_version": 1,
          "attributes": {
            "ami": "ami-0453ec754f44f9a4a",
            "arn": "arn:aws:ec2:us-east-1:593793064736:instance/i-0418119223cecbb39",
            "associate_public_ip_address": false,
            "availability_zone": "us-east-1d",
            "capacity_reservation_specification": [
              {
                "capacity_reservation_preference": "open",
                "capacity_reservation_target": []
              }
            ],
            "cpu_core_count": 1,
            "cpu_options": [
              {
                "amd_sev_snp": "",
                "core_count": 1,
                "threads_per_core": 1
              }
            ],
            "cpu_threads_per_core": 1,
            "credit_specification": [
              {
                "cpu_credits": "standard"
              }
            ],
            "disable_api_stop": false,
            "disable_api_termination": false,
            "ebs_block_device": [],
            "ebs_optimized": false,
            "enclave_options": [
              {
                "enabled": false
              }
            ],
            "ephemeral_block_device": [],
            "get_password_data": false,
            "hibernation": false,
            "host_id": "",
            "host_resource_group_arn": null,
            "iam_instance_profile": "",
            "id": "i-0418119223cecbb39",
            "instance_initiated_shutdown_behavior": "stop",
            "instance_lifecycle": "",
            "instance_market_options": [],
            "instance_state": "running",
            "instance_type": "t2.nano",
            "ipv6_address_count": 0,
            "ipv6_addresses": [],
            "key_name": "ter-key",
            "launch_template": [],
            "maintenance_options": [
              {
                "auto_recovery": "default"
              }
            ],
            "metadata_options": [
              {
                "http_endpoint": "enabled",
                "http_protocol_ipv6": "disabled",
                "http_put_response_hop_limit": 2,
                "http_tokens": "required",
                "instance_metadata_tags": "disabled"
              }
            ],
            "monitoring": false,
            "network_interface": [],
            "outpost_arn": "",
            "password_data": "",
            "placement_group": "",
            "placement_partition_number": 0,
            "primary_network_interface_id": "eni-094e6c614b89dda07",
            "private_dns": "ip-10-20-2-135.ec2.internal",
            "private_dns_name_options": [
              {
                "enable_resource_name_dns_a_record": false,
                "enable_resource_name_dns_aaaa_record": false,
                "hostname_type": "ip-name"
              }
            ],
            "private_ip": "10.20.2.135",
            "public_dns": "",
            "public_ip": "",
            "root_block_device": [
              {
                "delete_on_termination": true,
                "device_name": "/dev/xvda",
                "encrypted": false,
                "iops": 3000,
                "kms_key_id": "",
                "tags": {},
                "tags_all": {},
                "throughput": 125,
                "volume_id": "vol-0269ce59c2222b3db",
                "volume_size": 8,
                "volume_type": "gp3"
              }
            ],
            "secondary_private_ips": [],
            "security_groups": [
              "sg-00b5dae2aa29a6442"
            ],
            "source_dest_check": true,
            "spot_instance_request_id": "",
            "subnet_id": "subnet-01b844aa4975b9cdb",
            "tags": {
              "Description": "EC2 created for terraform practical",
              "Name": "myEC2Instance"
            },
            "tags_all": {
              "Description": "EC2 created for terraform practical",
              "Name": "myEC2Instance"
            },
            "tenancy": "default",
            "timeouts": null,
            "user_data": null,
            "user_data_base64": null,
            "user_data_replace_on_change": false,
            "volume_tags": null,
            "vpc_security_group_ids": [
              "sg-00b5dae2aa29a6442"
            ]
          },
          "sensitive_attributes": [],
          "private": "eyJlMmJmYjczMC1lY2FhLTExZTYtOGY4OC0zNDM2M2JjN2M0YzAiOnsiY3JlYXRlIjo2MDAwMDAwMDAwMDAsImRlbGV0ZSI6MTIwMDAwMDAwMDAwMCwicmVhZCI6OTAwMDAwMDAwMDAwLCJ1cGRhdGUiOjYwMDAwMDAwMDAwMH0sInNjaGVtYV92ZXJzaW9uIjoiMSJ9",
          "dependencies": [
            "aws_key_pair.ter-key",
            "aws_security_group.bastion_sg",
            "aws_security_group.private_sg",
            "aws_subnet.prv_subnet",
            "aws_vpc.myapp_vpc",
            "tls_private_key.rsa"
          ]
        }
      ]
    },
    {
      "mode": "managed",
      "type": "aws_internet_gateway",
      "name": "vpc_igw",
      "provider": "provider[\"registry.terraform.io/hashicorp/aws\"]",
      "instances": [
        {
          "schema_version": 0,
          "attributes": {
            "arn": "arn:aws:ec2:us-east-1:593793064736:internet-gateway/igw-0caf1fa4d7b5ecc7e",
            "id": "igw-0caf1fa4d7b5ecc7e",
            "owner_id": "593793064736",
            "tags": {
              "Description": "internet gateway for public subnet",
              "Name": "ter-IG"
            },
            "tags_all": {
              "Description": "internet gateway for public subnet",
              "Name": "ter-IG"
            },
            "timeouts": null,
            "vpc_id": ""
          },
          "sensitive_attributes": [],
          "private": "eyJlMmJmYjczMC1lY2FhLTExZTYtOGY4OC0zNDM2M2JjN2M0YzAiOnsiY3JlYXRlIjoxMjAwMDAwMDAwMDAwLCJkZWxldGUiOjEyMDAwMDAwMDAwMDAsInVwZGF0ZSI6MTIwMDAwMDAwMDAwMH19"
        }
      ]
    },
    {
      "mode": "managed",
      "type": "aws_internet_gateway_attachment",
      "name": "name",
      "provider": "provider[\"registry.terraform.io/hashicorp/aws\"]",
      "instances": [
        {
          "schema_version": 0,
          "attributes": {
            "id": "igw-0caf1fa4d7b5ecc7e:vpc-0d00193efa85f6a07",
            "internet_gateway_id": "igw-0caf1fa4d7b5ecc7e",
            "timeouts": null,
            "vpc_id": "vpc-0d00193efa85f6a07"
          },
          "sensitive_attributes": [],
          "private": "eyJlMmJmYjczMC1lY2FhLTExZTYtOGY4OC0zNDM2M2JjN2M0YzAiOnsiY3JlYXRlIjoxMjAwMDAwMDAwMDAwLCJkZWxldGUiOjEyMDAwMDAwMDAwMDB9fQ==",
          "dependencies": [
            "aws_internet_gateway.vpc_igw",
            "aws_vpc.myapp_vpc"
          ]
        }
      ]
    },
    {
      "mode": "managed",
      "type": "aws_key_pair",
      "name": "ter-key",
      "provider": "provider[\"registry.terraform.io/hashicorp/aws\"]",
      "instances": [
        {
          "schema_version": 1,
          "attributes": {
            "arn": "arn:aws:ec2:us-east-1:593793064736:key-pair/ter-key",
            "fingerprint": "53:5d:9d:9e:30:d1:4f:e8:7b:00:fd:27:9c:fb:70:7c",
            "id": "ter-key",
            "key_name": "ter-key",
            "key_name_prefix": "",
            "key_pair_id": "key-06c8495cb224715ab",
            "key_type": "rsa",
            "public_key": "ssh-rsa AAAAB3NzaC1yc2EAAAADAQABAAACAQDyocIeLO77wxfmlN8r50Nfk+tfvCOTUQMAok3lT1dLVkzWVZisNYpzbO8syX2j72QTvkCuuYiZVcrz/jJfvm0Sqkh0Qm4GP6dFz1w2K0aySacEeo8oo6t3NGDB4ElWrZKBJ9c23VHG53doxVKtG9GXxdwclE2Tok6AKBq2No5CYPcAWUauuGquMu9aPRRLGbAfNoNA/W8w2C8fbiE7K85aB9P9gfCZeHItCzSvoy1Z0wo5VyYwpr81dEIDTT0xDzFqLHm3SX+nYN03GNhaE55YDpw9FRWIwf+ozZM8hFKvoOi/WdwrZCJ633eZqUNSZLMWdD+jMtDR2WzbV/MmzkXf/qbOWxekc1Qu/drcbBjTws/iLkOCK7ug0ScQ0MJzMJ0sRTlsmcInDGlpsmLk/q5K1A4CnYLyTODXbuca7/UIeAbUaeuEng1G97T3V/bkMV102CjbRugvZ3P3w6SUyzNl7sGxrv+DwXkPitvrQUKwceLbX0WZ5l84J61NcZtI6hih469QYOttLFJl0D0Nol7cTvM1Ray5GhJp4oNkujpAy3OkmhDM3uh/dcaPNZut5BfsDiu3LhWUgMoHXcz9DWjE7jAKmSMntKKyZMmWJLWT0/y5GJ5GfEYCX6xb6koLhP0xeD08QILoTESSrbS8gqi58BwW0ArLO/H+ZpYUYWTEgQ==",
            "tags": {},
            "tags_all": {}
          },
          "sensitive_attributes": [],
          "private": "eyJzY2hlbWFfdmVyc2lvbiI6IjEifQ==",
          "dependencies": [
            "tls_private_key.rsa"
          ]
        }
      ]
    },
    {
      "mode": "managed",
      "type": "aws_nat_gateway",
      "name": "nat_igw",
      "provider": "provider[\"registry.terraform.io/hashicorp/aws\"]",
      "instances": [
        {
          "schema_version": 0,
          "attributes": {
            "allocation_id": "eipalloc-022b609a1f2deaaac",
            "association_id": "eipassoc-0717b41ce19e5ab6a",
            "connectivity_type": "public",
            "id": "nat-08d80a0ba10bf923c",
            "network_interface_id": "eni-009f3a6eb2850113e",
            "private_ip": "10.20.1.7",
            "public_ip": "54.236.238.214",
            "secondary_allocation_ids": null,
            "secondary_private_ip_address_count": 0,
            "secondary_private_ip_addresses": [],
            "subnet_id": "subnet-07d4f94d0103c1f85",
            "tags": {
              "Name": "ter_NAT_GW"
            },
            "tags_all": {
              "Name": "ter_NAT_GW"
            },
            "timeouts": null
          },
          "sensitive_attributes": [],
          "private": "eyJlMmJmYjczMC1lY2FhLTExZTYtOGY4OC0zNDM2M2JjN2M0YzAiOnsiY3JlYXRlIjo2MDAwMDAwMDAwMDAsImRlbGV0ZSI6MTgwMDAwMDAwMDAwMCwidXBkYXRlIjo2MDAwMDAwMDAwMDB9fQ==",
          "dependencies": [
            "aws_eip.nigw-eip",
            "aws_internet_gateway.vpc_igw",
            "aws_subnet.pub_subnet",
            "aws_vpc.myapp_vpc"
          ]
        }
      ]
    },
    {
      "mode": "managed",
      "type": "aws_route",
      "name": "private_nat",
      "provider": "provider[\"registry.terraform.io/hashicorp/aws\"]",
      "instances": [
        {
          "schema_version": 0,
          "attributes": {
            "carrier_gateway_id": "",
            "core_network_arn": "",
            "destination_cidr_block": "0.0.0.0/0",
            "destination_ipv6_cidr_block": "",
            "destination_prefix_list_id": "",
            "egress_only_gateway_id": "",
            "gateway_id": "",
            "id": "r-rtb-04397b61bbf4a5f9d1080289494",
            "instance_id": "",
            "instance_owner_id": "",
            "local_gateway_id": "",
            "nat_gateway_id": "nat-08d80a0ba10bf923c",
            "network_interface_id": "",
            "origin": "CreateRoute",
            "route_table_id": "rtb-04397b61bbf4a5f9d",
            "state": "active",
            "timeouts": null,
            "transit_gateway_id": "",
            "vpc_endpoint_id": "",
            "vpc_peering_connection_id": ""
          },
          "sensitive_attributes": [],
          "private": "eyJlMmJmYjczMC1lY2FhLTExZTYtOGY4OC0zNDM2M2JjN2M0YzAiOnsiY3JlYXRlIjozMDAwMDAwMDAwMDAsImRlbGV0ZSI6MzAwMDAwMDAwMDAwLCJ1cGRhdGUiOjEyMDAwMDAwMDAwMH19",
          "dependencies": [
            "aws_eip.nigw-eip",
            "aws_internet_gateway.vpc_igw",
            "aws_nat_gateway.nat_igw",
            "aws_route_table.private_rt",
            "aws_subnet.pub_subnet",
            "aws_vpc.myapp_vpc"
          ]
        }
      ]
    },
    {
      "mode": "managed",
      "type": "aws_route_table",
      "name": "private_rt",
      "provider": "provider[\"registry.terraform.io/hashicorp/aws\"]",
      "instances": [
        {
          "schema_version": 0,
          "attributes": {
            "arn": "arn:aws:ec2:us-east-1:593793064736:route-table/rtb-04397b61bbf4a5f9d",
            "id": "rtb-04397b61bbf4a5f9d",
            "owner_id": "593793064736",
            "propagating_vgws": [],
            "route": [],
            "tags": {
              "Name": "private_route_table"
            },
            "tags_all": {
              "Name": "private_route_table"
            },
            "timeouts": null,
            "vpc_id": "vpc-0d00193efa85f6a07"
          },
          "sensitive_attributes": [],
          "private": "eyJlMmJmYjczMC1lY2FhLTExZTYtOGY4OC0zNDM2M2JjN2M0YzAiOnsiY3JlYXRlIjozMDAwMDAwMDAwMDAsImRlbGV0ZSI6MzAwMDAwMDAwMDAwLCJ1cGRhdGUiOjEyMDAwMDAwMDAwMH19",
          "dependencies": [
            "aws_vpc.myapp_vpc"
          ]
        }
      ]
    },
    {
      "mode": "managed",
      "type": "aws_route_table",
      "name": "pub_route",
      "provider": "provider[\"registry.terraform.io/hashicorp/aws\"]",
      "instances": [
        {
          "schema_version": 0,
          "attributes": {
            "arn": "arn:aws:ec2:us-east-1:593793064736:route-table/rtb-0793bc3162e078956",
            "id": "rtb-0793bc3162e078956",
            "owner_id": "593793064736",
            "propagating_vgws": [],
            "route": [
              {
                "carrier_gateway_id": "",
                "cidr_block": "0.0.0.0/0",
                "core_network_arn": "",
                "destination_prefix_list_id": "",
                "egress_only_gateway_id": "",
                "gateway_id": "igw-0caf1fa4d7b5ecc7e",
                "ipv6_cidr_block": "",
                "local_gateway_id": "",
                "nat_gateway_id": "",
                "network_interface_id": "",
                "transit_gateway_id": "",
                "vpc_endpoint_id": "",
                "vpc_peering_connection_id": ""
              }
            ],
            "tags": {
              "Description": "route table for public subnet ",
              "Name": "public_route_table"
            },
            "tags_all": {
              "Description": "route table for public subnet ",
              "Name": "public_route_table"
            },
            "timeouts": null,
            "vpc_id": "vpc-0d00193efa85f6a07"
          },
          "sensitive_attributes": [],
          "private": "eyJlMmJmYjczMC1lY2FhLTExZTYtOGY4OC0zNDM2M2JjN2M0YzAiOnsiY3JlYXRlIjozMDAwMDAwMDAwMDAsImRlbGV0ZSI6MzAwMDAwMDAwMDAwLCJ1cGRhdGUiOjEyMDAwMDAwMDAwMH19",
          "dependencies": [
            "aws_internet_gateway.vpc_igw",
            "aws_vpc.myapp_vpc"
          ]
        }
      ]
    },
    {
      "mode": "managed",
      "type": "aws_route_table_association",
      "name": "private_association",
      "provider": "provider[\"registry.terraform.io/hashicorp/aws\"]",
      "instances": [
        {
          "schema_version": 0,
          "attributes": {
            "gateway_id": "",
            "id": "rtbassoc-06d91648c9cb0da07",
            "route_table_id": "rtb-04397b61bbf4a5f9d",
            "subnet_id": "subnet-01b844aa4975b9cdb",
            "timeouts": null
          },
          "sensitive_attributes": [],
          "private": "eyJlMmJmYjczMC1lY2FhLTExZTYtOGY4OC0zNDM2M2JjN2M0YzAiOnsiY3JlYXRlIjozMDAwMDAwMDAwMDAsImRlbGV0ZSI6MzAwMDAwMDAwMDAwLCJ1cGRhdGUiOjEyMDAwMDAwMDAwMH19",
          "dependencies": [
            "aws_route_table.private_rt",
            "aws_subnet.prv_subnet",
            "aws_vpc.myapp_vpc"
          ]
        }
      ]
    },
    {
      "mode": "managed",
      "type": "aws_route_table_association",
      "name": "public_subnet_route",
      "provider": "provider[\"registry.terraform.io/hashicorp/aws\"]",
      "instances": [
        {
          "schema_version": 0,
          "attributes": {
            "gateway_id": "",
            "id": "rtbassoc-065f1af95740cac57",
            "route_table_id": "rtb-0793bc3162e078956",
            "subnet_id": "subnet-07d4f94d0103c1f85",
            "timeouts": null
          },
          "sensitive_attributes": [],
          "private": "eyJlMmJmYjczMC1lY2FhLTExZTYtOGY4OC0zNDM2M2JjN2M0YzAiOnsiY3JlYXRlIjozMDAwMDAwMDAwMDAsImRlbGV0ZSI6MzAwMDAwMDAwMDAwLCJ1cGRhdGUiOjEyMDAwMDAwMDAwMH19",
          "dependencies": [
            "aws_internet_gateway.vpc_igw",
            "aws_route_table.pub_route",
            "aws_subnet.pub_subnet",
            "aws_vpc.myapp_vpc"
          ]
        }
      ]
    },
    {
      "mode": "managed",
      "type": "aws_security_group",
      "name": "bastion_sg",
      "provider": "provider[\"registry.terraform.io/hashicorp/aws\"]",
      "instances": [
        {
          "schema_version": 1,
          "attributes": {
            "arn": "arn:aws:ec2:us-east-1:593793064736:security-group/sg-05621d7a40a498179",
            "description": "Allow SSH access",
            "egress": [
              {
                "cidr_blocks": [
                  "0.0.0.0/0"
                ],
                "description": "",
                "from_port": 0,
                "ipv6_cidr_blocks": [],
                "prefix_list_ids": [],
                "protocol": "-1",
                "security_groups": [],
                "self": false,
                "to_port": 0
              }
            ],
            "id": "sg-05621d7a40a498179",
            "ingress": [
              {
                "cidr_blocks": [
                  "0.0.0.0/0"
                ],
                "description": "",
                "from_port": 22,
                "ipv6_cidr_blocks": [],
                "prefix_list_ids": [],
                "protocol": "tcp",
                "security_groups": [],
                "self": false,
                "to_port": 22
              }
            ],
            "name": "ssh-sg",
            "name_prefix": "",
            "owner_id": "593793064736",
            "revoke_rules_on_delete": false,
            "tags": {
              "Name": "bastion-sg"
            },
            "tags_all": {
              "Name": "bastion-sg"
            },
            "timeouts": null,
            "vpc_id": "vpc-0d00193efa85f6a07"
          },
          "sensitive_attributes": [],
          "private": "eyJlMmJmYjczMC1lY2FhLTExZTYtOGY4OC0zNDM2M2JjN2M0YzAiOnsiY3JlYXRlIjo2MDAwMDAwMDAwMDAsImRlbGV0ZSI6OTAwMDAwMDAwMDAwfSwic2NoZW1hX3ZlcnNpb24iOiIxIn0=",
          "dependencies": [
            "aws_vpc.myapp_vpc"
          ]
        }
      ]
    },
    {
      "mode": "managed",
      "type": "aws_security_group",
      "name": "private_sg",
      "provider": "provider[\"registry.terraform.io/hashicorp/aws\"]",
      "instances": [
        {
          "schema_version": 1,
          "attributes": {
            "arn": "arn:aws:ec2:us-east-1:593793064736:security-group/sg-00b5dae2aa29a6442",
            "description": "Managed by Terraform",
            "egress": [
              {
                "cidr_blocks": [
                  "0.0.0.0/0"
                ],
                "description": "",
                "from_port": 0,
                "ipv6_cidr_blocks": [],
                "prefix_list_ids": [],
                "protocol": "-1",
                "security_groups": [],
                "self": false,
                "to_port": 0
              }
            ],
            "id": "sg-00b5dae2aa29a6442",
            "ingress": [
              {
                "cidr_blocks": [],
                "description": "",
                "from_port": 22,
                "ipv6_cidr_blocks": [],
                "prefix_list_ids": [],
                "protocol": "tcp",
                "security_groups": [
                  "sg-05621d7a40a498179"
                ],
                "self": false,
                "to_port": 22
              }
            ],
            "name": "terraform-20241130103003903500000003",
            "name_prefix": "terraform-",
            "owner_id": "593793064736",
            "revoke_rules_on_delete": false,
            "tags": {
              "Name": "private-sg"
            },
            "tags_all": {
              "Name": "private-sg"
            },
            "timeouts": null,
            "vpc_id": "vpc-0d00193efa85f6a07"
          },
          "sensitive_attributes": [],
          "private": "eyJlMmJmYjczMC1lY2FhLTExZTYtOGY4OC0zNDM2M2JjN2M0YzAiOnsiY3JlYXRlIjo2MDAwMDAwMDAwMDAsImRlbGV0ZSI6OTAwMDAwMDAwMDAwfSwic2NoZW1hX3ZlcnNpb24iOiIxIn0=",
          "dependencies": [
            "aws_security_group.bastion_sg",
            "aws_vpc.myapp_vpc"
          ]
        }
      ]
    },
    {
      "mode": "managed",
      "type": "aws_subnet",
      "name": "prv_subnet",
      "provider": "provider[\"registry.terraform.io/hashicorp/aws\"]",
      "instances": [
        {
          "schema_version": 1,
          "attributes": {
            "arn": "arn:aws:ec2:us-east-1:593793064736:subnet/subnet-01b844aa4975b9cdb",
            "assign_ipv6_address_on_creation": false,
            "availability_zone": "us-east-1d",
            "availability_zone_id": "use1-az1",
            "cidr_block": "10.20.2.0/24",
            "customer_owned_ipv4_pool": "",
            "enable_dns64": false,
            "enable_lni_at_device_index": 0,
            "enable_resource_name_dns_a_record_on_launch": false,
            "enable_resource_name_dns_aaaa_record_on_launch": false,
            "id": "subnet-01b844aa4975b9cdb",
            "ipv6_cidr_block": "",
            "ipv6_cidr_block_association_id": "",
            "ipv6_native": false,
            "map_customer_owned_ip_on_launch": false,
            "map_public_ip_on_launch": false,
            "outpost_arn": "",
            "owner_id": "593793064736",
            "private_dns_hostname_type_on_launch": "ip-name",
            "tags": {
              "Name": "private_subnet"
            },
            "tags_all": {
              "Name": "private_subnet"
            },
            "timeouts": null,
            "vpc_id": "vpc-0d00193efa85f6a07"
          },
          "sensitive_attributes": [],
          "private": "eyJlMmJmYjczMC1lY2FhLTExZTYtOGY4OC0zNDM2M2JjN2M0YzAiOnsiY3JlYXRlIjo2MDAwMDAwMDAwMDAsImRlbGV0ZSI6MTIwMDAwMDAwMDAwMH0sInNjaGVtYV92ZXJzaW9uIjoiMSJ9",
          "dependencies": [
            "aws_vpc.myapp_vpc"
          ]
        }
      ]
    },
    {
      "mode": "managed",
      "type": "aws_subnet",
      "name": "pub_subnet",
      "provider": "provider[\"registry.terraform.io/hashicorp/aws\"]",
      "instances": [
        {
          "schema_version": 1,
          "attributes": {
            "arn": "arn:aws:ec2:us-east-1:593793064736:subnet/subnet-07d4f94d0103c1f85",
            "assign_ipv6_address_on_creation": false,
            "availability_zone": "us-east-1d",
            "availability_zone_id": "use1-az1",
            "cidr_block": "10.20.1.0/24",
            "customer_owned_ipv4_pool": "",
            "enable_dns64": false,
            "enable_lni_at_device_index": 0,
            "enable_resource_name_dns_a_record_on_launch": false,
            "enable_resource_name_dns_aaaa_record_on_launch": false,
            "id": "subnet-07d4f94d0103c1f85",
            "ipv6_cidr_block": "",
            "ipv6_cidr_block_association_id": "",
            "ipv6_native": false,
            "map_customer_owned_ip_on_launch": false,
            "map_public_ip_on_launch": true,
            "outpost_arn": "",
            "owner_id": "593793064736",
            "private_dns_hostname_type_on_launch": "ip-name",
            "tags": {
              "Name": "public_subnet"
            },
            "tags_all": {
              "Name": "public_subnet"
            },
            "timeouts": null,
            "vpc_id": "vpc-0d00193efa85f6a07"
          },
          "sensitive_attributes": [],
          "private": "eyJlMmJmYjczMC1lY2FhLTExZTYtOGY4OC0zNDM2M2JjN2M0YzAiOnsiY3JlYXRlIjo2MDAwMDAwMDAwMDAsImRlbGV0ZSI6MTIwMDAwMDAwMDAwMH0sInNjaGVtYV92ZXJzaW9uIjoiMSJ9",
          "dependencies": [
            "aws_vpc.myapp_vpc"
          ]
        }
      ]
    },
    {
      "mode": "managed",
      "type": "aws_vpc",
      "name": "myapp_vpc",
      "provider": "provider[\"registry.terraform.io/hashicorp/aws\"]",
      "instances": [
        {
          "schema_version": 1,
          "attributes": {
            "arn": "arn:aws:ec2:us-east-1:593793064736:vpc/vpc-0d00193efa85f6a07",
            "assign_generated_ipv6_cidr_block": false,
            "cidr_block": "10.20.0.0/16",
            "default_network_acl_id": "acl-0f44c89502d3b2422",
            "default_route_table_id": "rtb-0308afa22866a7f70",
            "default_security_group_id": "sg-0b37625386749de53",
            "dhcp_options_id": "dopt-0dc5a4f860f4f5512",
            "enable_dns_hostnames": false,
            "enable_dns_support": true,
            "enable_network_address_usage_metrics": false,
            "id": "vpc-0d00193efa85f6a07",
            "instance_tenancy": "default",
            "ipv4_ipam_pool_id": null,
            "ipv4_netmask_length": null,
            "ipv6_association_id": "",
            "ipv6_cidr_block": "",
            "ipv6_cidr_block_network_border_group": "",
            "ipv6_ipam_pool_id": "",
            "ipv6_netmask_length": 0,
            "main_route_table_id": "rtb-0308afa22866a7f70",
            "owner_id": "593793064736",
            "tags": {
              "Description": "vpc created for terraform practical",
              "Name": "ter-vpc"
            },
            "tags_all": {
              "Description": "vpc created for terraform practical",
              "Name": "ter-vpc"
            }
          },
          "sensitive_attributes": [],
          "private": "eyJzY2hlbWFfdmVyc2lvbiI6IjEifQ=="
        }
      ]
    },
    {
      "mode": "managed",
      "type": "local_file",
      "name": "ter-key",
      "provider": "provider[\"registry.terraform.io/hashicorp/local\"]",
      "instances": [
        {
          "schema_version": 0,
          "attributes": {
            "content": "-----BEGIN RSA PRIVATE KEY-----\nMIIJKQIBAAKCAgEA8qHCHizu+8MX5pTfK+dDX5PrX7wjk1EDAKJN5U9XS1ZM1lWY\nrDWKc2zvLMl9o+9kE75ArrmImVXK8/4yX75tEqpIdEJuBj+nRc9cNitGskmnBHqP\nKKOrdzRgweBJVq2SgSfXNt1Rxud3aMVSrRvRl8XcHJRNk6JOgCgatjaOQmD3AFlG\nrrhqrjLvWj0USxmwHzaDQP1vMNgvH24hOyvOWgfT/YHwmXhyLQs0r6MtWdMKOVcm\nMKa/NXRCA009MQ8xaix5t0l/p2DdNxjYWhOeWA6cPRUViMH/qM2TPIRSr6Dov1nc\nK2Qiet93malDUmSzFnQ/ozLQ0dls21fzJs5F3/6mzlsXpHNULv3a3GwY08LP4i5D\ngiu7oNEnENDCczCdLEU5bJnCJwxpabJi5P6uStQOAp2C8kzg127nGu/1CHgG1Gnr\nhJ4NRve091f25DFddNgo20boL2dz98OklMszZe7Bsa7/g8F5D4rb60FCsHHi219F\nmeZfOCetTXGbSOoYoeOvUGDrbSxSZdA9DaJe3E7zNUWsuRoSaeKDZLo6QMtzpJoQ\nzN7of3XGjzWbreQX7A4rty4VlIDKB13M/Q1oxO4wCpkjJ7SismTJliS1k9P8uRie\nRnxGAl+sW+pKC4T9MXg9PECC6ExEkq20vIKoufAcFtAKyzvx/maWFGFkxIECAwEA\nAQKCAgBprQpfGjL8dHx0cWLCPHebqVFa4Radkys7m3VR6ryak3vj3mQgnTEwFMIX\nP6r5O8razoJdl3FnV3aNzqkiCk53UrM777L8Bb1VKnt/HFouTOXxjW/Mw3xq7uU1\ni/plRjQJDNEvlDWJ7EaV21unCfa/o+26hN1E7+xA5Ta9JgXP42uxOzEN6ESOmqCl\nLPUpwIZ1EckZBUjofUAI8G6I1wuJKt+qCm5AabVQ6RCJbwjRlpldYBfCGN4u6fPW\nfE2qkHN1Sum4asqunAG9fZS9ps3QjIyADi7S4av4WZFHSlq5I9w7e2fpfjOGUM5G\nnvIzcKiPnxIYgolw3MIMxsGgpTbI/4bRcSSeYR03Cf0Gp0d7XVzCqiDo1PWIpeaj\nEqFcxEhdfdcmjW9Pvy4pRp3S2nOhHLy2MFSRYUIMlHJqhMqCtkK+cUe9FZxvHCEt\nFDbkwDTEZeqoIV2v62E9h/t6IZnw5cD2FceYbkVYX8xcAleqcAI1ocrhdMJAHIw5\nNg6aKRu4TNuaa1HW9+2FDZYvp2qGwLL7ce6DN92DXyqb4lfQEWv2GDessxAZh5U6\n5r7UJ1DgJ2d1RkY4VGz2OsqL6XwSD8YK2SUcslxNVVYir96xfURaJizBWeYPb6A+\n9CJksvxMKDa2uy48rSmnl9X1MY9zkGcjVqd23elMS8jGQWYWAQKCAQEA+iIFHj47\nd/TeoCdnbwwWh3wyQUQDaIi+jtye+QtSGgxrHE+0wvhM39n6QFPYsQ7aBfQR3eW3\nAWjY4YsmZaKUbteA+rPRRTUD9fzre6rPofR/SI7u0GcPXn2M0qg18NwEZ1+edrGI\nveER7ltlIocBvKA5l6f1XBrwHUuMwrMXVcWyF9dFZYdsacCObk9weTpuNIZ6UrwE\na8IBWoNcslXid6vuWILUhq/vzvSlgQbjPZ5pmfuiHOb5ocDdQQaGQcz+1VYaJnYn\n9c3TI4h2OJ/Ao4WmYh7Oi0XkxrMNpKG6zOous3PVK3sm5f0h+es4zc7vC5r5zeZ4\nzdJJjIzbJEt5IwKCAQEA+FKyWaNQ0qiRcwuzzUgfoLT6e5pNfXk4HI6rTVf+4pK/\nYdcGJc2bxBzZKRkmxq1Bl04A/YI9G6c5eLRb8ARSvMuNg9NpCfqoq3lmEoDzWTnZ\nxSJoVk8Ia4j+FluiUrMNuphaw84j27imCBU5pbtH5RM6I3MjZTYIDSQj9pX3rj6M\nIcOZ1/rxLLfAd37bv0sMIxc9fOVSwhw3xZQqWqg4peV996xY9z7DGTLlJkmk/69l\n0tP8jKFqasFR72xJjrGgG4FOTYKdYehj+cLrD6kKnZ1SC2L9DDLUgZYpWpiYRrO8\nahIFoVOYZoJgCw5Gy8TLwUBcvb100kinv3GHNdAwCwKCAQEAkgaSXlmOdjVqUq0u\nYVH5RRdob1m5c6mBNf3ugQ3u3G4rideue7RhjL3ArxVEB/nXpmoalCSrdhMzqliG\nDgegCCWfkryvi2ur6EvDXesWVEJcnIt1OA0yl8NMFx9Eflyz5XWZGUoDvnZK9ZA9\ntq6CgRA5DyRqxV6klzWn83KCSPylP+3ZAbDRxds4S4Xs75kBBYEMoIhLPG2CRMkz\nsJkbISoqd1nJoOfNZFDG3lCbEToOBGs29RCS46+oe3HHp1p52yntEk8gfQuwG6pq\n+hupZs17mQTLJ9uh965IZLhWSZLduL4C0OOQjev9jd2Yx+3q+Cd9dor6M450ia0h\nskqtaQKCAQARup2/JpjToXNY+mHo6xhO+fzULE0SA0CNUWZLjFfHR2DglGB8/HP9\niW27sG8DSkVfjxMlBlJkkgjZZE8YEMbzcbj1y3c5XisCqxUthwVYvnecynsWhmf8\nfXhekkZBj0UQqGX6itImksVP2GwYOAnHAhtpgoPpavUiMw1aQpS/XPnWQ0fNkr37\nSlc0cNsxiiMgsj0SmLDS6P7WXWC0vkPlHEBlGWn0pQd62hZgKGveUWB8r+PdCn01\nh/3YkSujQ21B6XZ0tDmWTugsYc00fgYjAKNl6rhUUaC4a8ciD7j3e0edbxH11akQ\n0IgY4fkN/UvqzTSR21/mz4cidPGJVwbHAoIBAQCTbiod7s/q5nIPXm0rWyHZ0SBZ\niaGq/5Mq2RnYlTV72VVhuOvoODsqGNGM28kiy64opOmHbUgxk0lM6kyBzosKulIG\nimaEjnBcCGy3qsqvPOC/3Y8T+u6N/CG7v4Tj8VzJwgWzJuw4IIj5s4crSZQ0Zm4+\n/STx5wIjI55tRh8gVg/vblQRP02L7leK9UJizBP3jTwC8kgBwL0J9EP/qyrscZyw\noxS4OmT+ATrV8VpN2gSRj45Dhcd7BFziO3jWifFdcLTV++I3uXLcOUjDZNq8Dg+q\nxvVxKtYCtFwS9SDg7ex/PHDnaJlcD4RX/MhN3tIEcWf9BaQ3kM/YWmDEc2v7\n-----END RSA PRIVATE KEY-----\n",
            "content_base64": null,
            "content_base64sha256": "lMLdbGMfjl5iyrPlrzSSxeVi7BXv9kbuZAxZ5gjlv5I=",
            "content_base64sha512": "DjkD8gaS1zHC58IAj3eH8Vyh2O330Ed0d4WJIfpmojNWl6dApnjnUybbU1FuQKBgZsqIwTjorZ5mJnNr+9lwzA==",
            "content_md5": "5635eb928f985f5a5628ab8106afbd89",
            "content_sha1": "ff0d3cfe5dd7f5fecd132141d5ebde3fab6c81ca",
            "content_sha256": "94c2dd6c631f8e5e62cab3e5af3492c5e562ec15eff646ee640c59e608e5bf92",
            "content_sha512": "0e3903f20692d731c2e7c2008f7787f15ca1d8edf7d0477477858921fa66a2335697a740a678e75326db53516e40a06066ca88c138e8ad9e6626736bfbd970cc",
            "directory_permission": "0777",
            "file_permission": "0777",
            "filename": "ter-key.pem",
            "id": "ff0d3cfe5dd7f5fecd132141d5ebde3fab6c81ca",
            "sensitive_content": null,
            "source": null
          },
          "sensitive_attributes": [
            [
              {
                "type": "get_attr",
                "value": "content"
              }
            ],
            [
              {
                "type": "get_attr",
                "value": "sensitive_content"
              }
            ]
          ],
          "dependencies": [
            "tls_private_key.rsa"
          ]
        }
      ]
    },
    {
      "mode": "managed",
      "type": "tls_private_key",
      "name": "rsa",
      "provider": "provider[\"registry.terraform.io/hashicorp/tls\"]",
      "instances": [
        {
          "schema_version": 1,
          "attributes": {
            "algorithm": "RSA",
            "ecdsa_curve": "P224",
            "id": "8c7841cf289428fd308c97587e04d3b5dfffe0c7",
            "private_key_openssh": "-----BEGIN OPENSSH PRIVATE KEY-----\nb3BlbnNzaC1rZXktdjEAAAAABG5vbmUAAAAEbm9uZQAAAAAAAAABAAACFwAAAAdz\nc2gtcnNhAAAAAwEAAQAAAgEA8qHCHizu+8MX5pTfK+dDX5PrX7wjk1EDAKJN5U9X\nS1ZM1lWYrDWKc2zvLMl9o+9kE75ArrmImVXK8/4yX75tEqpIdEJuBj+nRc9cNitG\nskmnBHqPKKOrdzRgweBJVq2SgSfXNt1Rxud3aMVSrRvRl8XcHJRNk6JOgCgatjaO\nQmD3AFlGrrhqrjLvWj0USxmwHzaDQP1vMNgvH24hOyvOWgfT/YHwmXhyLQs0r6Mt\nWdMKOVcmMKa/NXRCA009MQ8xaix5t0l/p2DdNxjYWhOeWA6cPRUViMH/qM2TPIRS\nr6Dov1ncK2Qiet93malDUmSzFnQ/ozLQ0dls21fzJs5F3/6mzlsXpHNULv3a3GwY\n08LP4i5Dgiu7oNEnENDCczCdLEU5bJnCJwxpabJi5P6uStQOAp2C8kzg127nGu/1\nCHgG1GnrhJ4NRve091f25DFddNgo20boL2dz98OklMszZe7Bsa7/g8F5D4rb60FC\nsHHi219FmeZfOCetTXGbSOoYoeOvUGDrbSxSZdA9DaJe3E7zNUWsuRoSaeKDZLo6\nQMtzpJoQzN7of3XGjzWbreQX7A4rty4VlIDKB13M/Q1oxO4wCpkjJ7SismTJliS1\nk9P8uRieRnxGAl+sW+pKC4T9MXg9PECC6ExEkq20vIKoufAcFtAKyzvx/maWFGFk\nxIEAAAc4EC7fRRAu30UAAAAHc3NoLXJzYQAAAgEA8qHCHizu+8MX5pTfK+dDX5Pr\nX7wjk1EDAKJN5U9XS1ZM1lWYrDWKc2zvLMl9o+9kE75ArrmImVXK8/4yX75tEqpI\ndEJuBj+nRc9cNitGskmnBHqPKKOrdzRgweBJVq2SgSfXNt1Rxud3aMVSrRvRl8Xc\nHJRNk6JOgCgatjaOQmD3AFlGrrhqrjLvWj0USxmwHzaDQP1vMNgvH24hOyvOWgfT\n/YHwmXhyLQs0r6MtWdMKOVcmMKa/NXRCA009MQ8xaix5t0l/p2DdNxjYWhOeWA6c\nPRUViMH/qM2TPIRSr6Dov1ncK2Qiet93malDUmSzFnQ/ozLQ0dls21fzJs5F3/6m\nzlsXpHNULv3a3GwY08LP4i5Dgiu7oNEnENDCczCdLEU5bJnCJwxpabJi5P6uStQO\nAp2C8kzg127nGu/1CHgG1GnrhJ4NRve091f25DFddNgo20boL2dz98OklMszZe7B\nsa7/g8F5D4rb60FCsHHi219FmeZfOCetTXGbSOoYoeOvUGDrbSxSZdA9DaJe3E7z\nNUWsuRoSaeKDZLo6QMtzpJoQzN7of3XGjzWbreQX7A4rty4VlIDKB13M/Q1oxO4w\nCpkjJ7SismTJliS1k9P8uRieRnxGAl+sW+pKC4T9MXg9PECC6ExEkq20vIKoufAc\nFtAKyzvx/maWFGFkxIEAAAADAQABAAACAGmtCl8aMvx0fHRxYsI8d5upUVrhFp2T\nKzubdVHqvJqTe+PeZCCdMTAUwhc/qvk7ytrOgl2XcWdXdo3OqSIKTndSszvvsvwF\nvVUqe38cWi5M5fGNb8zDfGru5TWL+mVGNAkM0S+UNYnsRpXbW6cJ9r+j7bqE3UTv\n7EDlNr0mBc/ja7E7MQ3oRI6aoKUs9SnAhnURyRkFSOh9QAjwbojXC4kq36oKbkBp\ntVDpEIlvCNGWmV1gF8IY3i7p89Z8TaqQc3VK6bhqyq6cAb19lL2mzdCMjIAOLtLh\nq/hZkUdKWrkj3Dt7Z+l+M4ZQzkae8jNwqI+fEhiCiXDcwgzGwaClNsj/htFxJJ5h\nHTcJ/QanR3tdXMKqIOjU9Yil5qMSoVzESF191yaNb0+/LilGndLac6EcvLYwVJFh\nQgyUcmqEyoK2Qr5xR70VnG8cIS0UNuTANMRl6qghXa/rYT2H+3ohmfDlwPYVx5hu\nRVhfzFwCV6pwAjWhyuF0wkAcjDk2DpopG7hM25prUdb37YUNli+naobAsvtx7oM3\n3YNfKpviV9ARa/YYN6yzEBmHlTrmvtQnUOAnZ3VGRjhUbPY6yovpfBIPxgrZJRyy\nXE1VViKv3rF9RFomLMFZ5g9voD70ImSy/EwoNra7LjytKaeX1fUxj3OQZyNWp3bd\n6UxLyMZBZhYBAAABAQCTbiod7s/q5nIPXm0rWyHZ0SBZiaGq/5Mq2RnYlTV72VVh\nuOvoODsqGNGM28kiy64opOmHbUgxk0lM6kyBzosKulIGimaEjnBcCGy3qsqvPOC/\n3Y8T+u6N/CG7v4Tj8VzJwgWzJuw4IIj5s4crSZQ0Zm4+/STx5wIjI55tRh8gVg/v\nblQRP02L7leK9UJizBP3jTwC8kgBwL0J9EP/qyrscZywoxS4OmT+ATrV8VpN2gSR\nj45Dhcd7BFziO3jWifFdcLTV++I3uXLcOUjDZNq8Dg+qxvVxKtYCtFwS9SDg7ex/\nPHDnaJlcD4RX/MhN3tIEcWf9BaQ3kM/YWmDEc2v7AAABAQD6IgUePjt39N6gJ2dv\nDBaHfDJBRANoiL6O3J75C1IaDGscT7TC+Ezf2fpAU9ixDtoF9BHd5bcBaNjhiyZl\nopRu14D6s9FFNQP1/Ot7qs+h9H9Iju7QZw9efYzSqDXw3ARnX552sYi94RHuW2Ui\nhwG8oDmXp/VcGvAdS4zCsxdVxbIX10Vlh2xpwI5uT3B5Om40hnpSvARrwgFag1yy\nVeJ3q+5YgtSGr+/O9KWBBuM9nmmZ+6Ic5vmhwN1BBoZBzP7VVhomdif1zdMjiHY4\nn8CjhaZiHs6LReTGsw2kobrM6i6zc9Ureybl/SH56zjNzu8LmvnN5njN0kmMjNsk\nS3kjAAABAQD4UrJZo1DSqJFzC7PNSB+gtPp7mk19eTgcjqtNV/7ikr9h1wYlzZvE\nHNkpGSbGrUGXTgD9gj0bpzl4tFvwBFK8y42D02kJ+qireWYSgPNZOdnFImhWTwhr\niP4WW6JSsw26mFrDziPbuKYIFTmlu0flEzojcyNlNggNJCP2lfeuPowhw5nX+vEs\nt8B3ftu/SwwjFz185VLCHDfFlCpaqDil5X33rFj3PsMZMuUmSaT/r2XS0/yMoWpq\nwVHvbEmOsaAbgU5Ngp1h6GP5wusPqQqdnVILYv0MMtSBlilamJhGs7xqEgWhU5hm\ngmALDkbLxMvBQFy9vXTSSKe/cYc10DALAAAAAAEC\n-----END OPENSSH PRIVATE KEY-----\n",
            "private_key_pem": "-----BEGIN RSA PRIVATE KEY-----\nMIIJKQIBAAKCAgEA8qHCHizu+8MX5pTfK+dDX5PrX7wjk1EDAKJN5U9XS1ZM1lWY\nrDWKc2zvLMl9o+9kE75ArrmImVXK8/4yX75tEqpIdEJuBj+nRc9cNitGskmnBHqP\nKKOrdzRgweBJVq2SgSfXNt1Rxud3aMVSrRvRl8XcHJRNk6JOgCgatjaOQmD3AFlG\nrrhqrjLvWj0USxmwHzaDQP1vMNgvH24hOyvOWgfT/YHwmXhyLQs0r6MtWdMKOVcm\nMKa/NXRCA009MQ8xaix5t0l/p2DdNxjYWhOeWA6cPRUViMH/qM2TPIRSr6Dov1nc\nK2Qiet93malDUmSzFnQ/ozLQ0dls21fzJs5F3/6mzlsXpHNULv3a3GwY08LP4i5D\ngiu7oNEnENDCczCdLEU5bJnCJwxpabJi5P6uStQOAp2C8kzg127nGu/1CHgG1Gnr\nhJ4NRve091f25DFddNgo20boL2dz98OklMszZe7Bsa7/g8F5D4rb60FCsHHi219F\nmeZfOCetTXGbSOoYoeOvUGDrbSxSZdA9DaJe3E7zNUWsuRoSaeKDZLo6QMtzpJoQ\nzN7of3XGjzWbreQX7A4rty4VlIDKB13M/Q1oxO4wCpkjJ7SismTJliS1k9P8uRie\nRnxGAl+sW+pKC4T9MXg9PECC6ExEkq20vIKoufAcFtAKyzvx/maWFGFkxIECAwEA\nAQKCAgBprQpfGjL8dHx0cWLCPHebqVFa4Radkys7m3VR6ryak3vj3mQgnTEwFMIX\nP6r5O8razoJdl3FnV3aNzqkiCk53UrM777L8Bb1VKnt/HFouTOXxjW/Mw3xq7uU1\ni/plRjQJDNEvlDWJ7EaV21unCfa/o+26hN1E7+xA5Ta9JgXP42uxOzEN6ESOmqCl\nLPUpwIZ1EckZBUjofUAI8G6I1wuJKt+qCm5AabVQ6RCJbwjRlpldYBfCGN4u6fPW\nfE2qkHN1Sum4asqunAG9fZS9ps3QjIyADi7S4av4WZFHSlq5I9w7e2fpfjOGUM5G\nnvIzcKiPnxIYgolw3MIMxsGgpTbI/4bRcSSeYR03Cf0Gp0d7XVzCqiDo1PWIpeaj\nEqFcxEhdfdcmjW9Pvy4pRp3S2nOhHLy2MFSRYUIMlHJqhMqCtkK+cUe9FZxvHCEt\nFDbkwDTEZeqoIV2v62E9h/t6IZnw5cD2FceYbkVYX8xcAleqcAI1ocrhdMJAHIw5\nNg6aKRu4TNuaa1HW9+2FDZYvp2qGwLL7ce6DN92DXyqb4lfQEWv2GDessxAZh5U6\n5r7UJ1DgJ2d1RkY4VGz2OsqL6XwSD8YK2SUcslxNVVYir96xfURaJizBWeYPb6A+\n9CJksvxMKDa2uy48rSmnl9X1MY9zkGcjVqd23elMS8jGQWYWAQKCAQEA+iIFHj47\nd/TeoCdnbwwWh3wyQUQDaIi+jtye+QtSGgxrHE+0wvhM39n6QFPYsQ7aBfQR3eW3\nAWjY4YsmZaKUbteA+rPRRTUD9fzre6rPofR/SI7u0GcPXn2M0qg18NwEZ1+edrGI\nveER7ltlIocBvKA5l6f1XBrwHUuMwrMXVcWyF9dFZYdsacCObk9weTpuNIZ6UrwE\na8IBWoNcslXid6vuWILUhq/vzvSlgQbjPZ5pmfuiHOb5ocDdQQaGQcz+1VYaJnYn\n9c3TI4h2OJ/Ao4WmYh7Oi0XkxrMNpKG6zOous3PVK3sm5f0h+es4zc7vC5r5zeZ4\nzdJJjIzbJEt5IwKCAQEA+FKyWaNQ0qiRcwuzzUgfoLT6e5pNfXk4HI6rTVf+4pK/\nYdcGJc2bxBzZKRkmxq1Bl04A/YI9G6c5eLRb8ARSvMuNg9NpCfqoq3lmEoDzWTnZ\nxSJoVk8Ia4j+FluiUrMNuphaw84j27imCBU5pbtH5RM6I3MjZTYIDSQj9pX3rj6M\nIcOZ1/rxLLfAd37bv0sMIxc9fOVSwhw3xZQqWqg4peV996xY9z7DGTLlJkmk/69l\n0tP8jKFqasFR72xJjrGgG4FOTYKdYehj+cLrD6kKnZ1SC2L9DDLUgZYpWpiYRrO8\nahIFoVOYZoJgCw5Gy8TLwUBcvb100kinv3GHNdAwCwKCAQEAkgaSXlmOdjVqUq0u\nYVH5RRdob1m5c6mBNf3ugQ3u3G4rideue7RhjL3ArxVEB/nXpmoalCSrdhMzqliG\nDgegCCWfkryvi2ur6EvDXesWVEJcnIt1OA0yl8NMFx9Eflyz5XWZGUoDvnZK9ZA9\ntq6CgRA5DyRqxV6klzWn83KCSPylP+3ZAbDRxds4S4Xs75kBBYEMoIhLPG2CRMkz\nsJkbISoqd1nJoOfNZFDG3lCbEToOBGs29RCS46+oe3HHp1p52yntEk8gfQuwG6pq\n+hupZs17mQTLJ9uh965IZLhWSZLduL4C0OOQjev9jd2Yx+3q+Cd9dor6M450ia0h\nskqtaQKCAQARup2/JpjToXNY+mHo6xhO+fzULE0SA0CNUWZLjFfHR2DglGB8/HP9\niW27sG8DSkVfjxMlBlJkkgjZZE8YEMbzcbj1y3c5XisCqxUthwVYvnecynsWhmf8\nfXhekkZBj0UQqGX6itImksVP2GwYOAnHAhtpgoPpavUiMw1aQpS/XPnWQ0fNkr37\nSlc0cNsxiiMgsj0SmLDS6P7WXWC0vkPlHEBlGWn0pQd62hZgKGveUWB8r+PdCn01\nh/3YkSujQ21B6XZ0tDmWTugsYc00fgYjAKNl6rhUUaC4a8ciD7j3e0edbxH11akQ\n0IgY4fkN/UvqzTSR21/mz4cidPGJVwbHAoIBAQCTbiod7s/q5nIPXm0rWyHZ0SBZ\niaGq/5Mq2RnYlTV72VVhuOvoODsqGNGM28kiy64opOmHbUgxk0lM6kyBzosKulIG\nimaEjnBcCGy3qsqvPOC/3Y8T+u6N/CG7v4Tj8VzJwgWzJuw4IIj5s4crSZQ0Zm4+\n/STx5wIjI55tRh8gVg/vblQRP02L7leK9UJizBP3jTwC8kgBwL0J9EP/qyrscZyw\noxS4OmT+ATrV8VpN2gSRj45Dhcd7BFziO3jWifFdcLTV++I3uXLcOUjDZNq8Dg+q\nxvVxKtYCtFwS9SDg7ex/PHDnaJlcD4RX/MhN3tIEcWf9BaQ3kM/YWmDEc2v7\n-----END RSA PRIVATE KEY-----\n",
            "private_key_pem_pkcs8": "-----BEGIN PRIVATE KEY-----\nMIIJQwIBADANBgkqhkiG9w0BAQEFAASCCS0wggkpAgEAAoICAQDyocIeLO77wxfm\nlN8r50Nfk+tfvCOTUQMAok3lT1dLVkzWVZisNYpzbO8syX2j72QTvkCuuYiZVcrz\n/jJfvm0Sqkh0Qm4GP6dFz1w2K0aySacEeo8oo6t3NGDB4ElWrZKBJ9c23VHG53do\nxVKtG9GXxdwclE2Tok6AKBq2No5CYPcAWUauuGquMu9aPRRLGbAfNoNA/W8w2C8f\nbiE7K85aB9P9gfCZeHItCzSvoy1Z0wo5VyYwpr81dEIDTT0xDzFqLHm3SX+nYN03\nGNhaE55YDpw9FRWIwf+ozZM8hFKvoOi/WdwrZCJ633eZqUNSZLMWdD+jMtDR2Wzb\nV/MmzkXf/qbOWxekc1Qu/drcbBjTws/iLkOCK7ug0ScQ0MJzMJ0sRTlsmcInDGlp\nsmLk/q5K1A4CnYLyTODXbuca7/UIeAbUaeuEng1G97T3V/bkMV102CjbRugvZ3P3\nw6SUyzNl7sGxrv+DwXkPitvrQUKwceLbX0WZ5l84J61NcZtI6hih469QYOttLFJl\n0D0Nol7cTvM1Ray5GhJp4oNkujpAy3OkmhDM3uh/dcaPNZut5BfsDiu3LhWUgMoH\nXcz9DWjE7jAKmSMntKKyZMmWJLWT0/y5GJ5GfEYCX6xb6koLhP0xeD08QILoTESS\nrbS8gqi58BwW0ArLO/H+ZpYUYWTEgQIDAQABAoICAGmtCl8aMvx0fHRxYsI8d5up\nUVrhFp2TKzubdVHqvJqTe+PeZCCdMTAUwhc/qvk7ytrOgl2XcWdXdo3OqSIKTndS\nszvvsvwFvVUqe38cWi5M5fGNb8zDfGru5TWL+mVGNAkM0S+UNYnsRpXbW6cJ9r+j\n7bqE3UTv7EDlNr0mBc/ja7E7MQ3oRI6aoKUs9SnAhnURyRkFSOh9QAjwbojXC4kq\n36oKbkBptVDpEIlvCNGWmV1gF8IY3i7p89Z8TaqQc3VK6bhqyq6cAb19lL2mzdCM\njIAOLtLhq/hZkUdKWrkj3Dt7Z+l+M4ZQzkae8jNwqI+fEhiCiXDcwgzGwaClNsj/\nhtFxJJ5hHTcJ/QanR3tdXMKqIOjU9Yil5qMSoVzESF191yaNb0+/LilGndLac6Ec\nvLYwVJFhQgyUcmqEyoK2Qr5xR70VnG8cIS0UNuTANMRl6qghXa/rYT2H+3ohmfDl\nwPYVx5huRVhfzFwCV6pwAjWhyuF0wkAcjDk2DpopG7hM25prUdb37YUNli+naobA\nsvtx7oM33YNfKpviV9ARa/YYN6yzEBmHlTrmvtQnUOAnZ3VGRjhUbPY6yovpfBIP\nxgrZJRyyXE1VViKv3rF9RFomLMFZ5g9voD70ImSy/EwoNra7LjytKaeX1fUxj3OQ\nZyNWp3bd6UxLyMZBZhYBAoIBAQD6IgUePjt39N6gJ2dvDBaHfDJBRANoiL6O3J75\nC1IaDGscT7TC+Ezf2fpAU9ixDtoF9BHd5bcBaNjhiyZlopRu14D6s9FFNQP1/Ot7\nqs+h9H9Iju7QZw9efYzSqDXw3ARnX552sYi94RHuW2UihwG8oDmXp/VcGvAdS4zC\nsxdVxbIX10Vlh2xpwI5uT3B5Om40hnpSvARrwgFag1yyVeJ3q+5YgtSGr+/O9KWB\nBuM9nmmZ+6Ic5vmhwN1BBoZBzP7VVhomdif1zdMjiHY4n8CjhaZiHs6LReTGsw2k\nobrM6i6zc9Ureybl/SH56zjNzu8LmvnN5njN0kmMjNskS3kjAoIBAQD4UrJZo1DS\nqJFzC7PNSB+gtPp7mk19eTgcjqtNV/7ikr9h1wYlzZvEHNkpGSbGrUGXTgD9gj0b\npzl4tFvwBFK8y42D02kJ+qireWYSgPNZOdnFImhWTwhriP4WW6JSsw26mFrDziPb\nuKYIFTmlu0flEzojcyNlNggNJCP2lfeuPowhw5nX+vEst8B3ftu/SwwjFz185VLC\nHDfFlCpaqDil5X33rFj3PsMZMuUmSaT/r2XS0/yMoWpqwVHvbEmOsaAbgU5Ngp1h\n6GP5wusPqQqdnVILYv0MMtSBlilamJhGs7xqEgWhU5hmgmALDkbLxMvBQFy9vXTS\nSKe/cYc10DALAoIBAQCSBpJeWY52NWpSrS5hUflFF2hvWblzqYE1/e6BDe7cbiuJ\n1657tGGMvcCvFUQH+demahqUJKt2EzOqWIYOB6AIJZ+SvK+La6voS8Nd6xZUQlyc\ni3U4DTKXw0wXH0R+XLPldZkZSgO+dkr1kD22roKBEDkPJGrFXqSXNafzcoJI/KU/\n7dkBsNHF2zhLhezvmQEFgQygiEs8bYJEyTOwmRshKip3Wcmg581kUMbeUJsROg4E\nazb1EJLjr6h7ccenWnnbKe0STyB9C7Abqmr6G6lmzXuZBMsn26H3rkhkuFZJkt24\nvgLQ45CN6/2N3ZjH7er4J312ivozjnSJrSGySq1pAoIBABG6nb8mmNOhc1j6Yejr\nGE75/NQsTRIDQI1RZkuMV8dHYOCUYHz8c/2JbbuwbwNKRV+PEyUGUmSSCNlkTxgQ\nxvNxuPXLdzleKwKrFS2HBVi+d5zKexaGZ/x9eF6SRkGPRRCoZfqK0iaSxU/YbBg4\nCccCG2mCg+lq9SIzDVpClL9c+dZDR82SvftKVzRw2zGKIyCyPRKYsNLo/tZdYLS+\nQ+UcQGUZafSlB3raFmAoa95RYHyv490KfTWH/diRK6NDbUHpdnS0OZZO6CxhzTR+\nBiMAo2XquFRRoLhrxyIPuPd7R51vEfXVqRDQiBjh+Q39S+rNNJHbX+bPhyJ08YlX\nBscCggEBAJNuKh3uz+rmcg9ebStbIdnRIFmJoar/kyrZGdiVNXvZVWG46+g4OyoY\n0YzbySLLriik6YdtSDGTSUzqTIHOiwq6UgaKZoSOcFwIbLeqyq884L/djxP67o38\nIbu/hOPxXMnCBbMm7DggiPmzhytJlDRmbj79JPHnAiMjnm1GHyBWD+9uVBE/TYvu\nV4r1QmLME/eNPALySAHAvQn0Q/+rKuxxnLCjFLg6ZP4BOtXxWk3aBJGPjkOFx3sE\nXOI7eNaJ8V1wtNX74je5ctw5SMNk2rwOD6rG9XEq1gK0XBL1IODt7H88cOdomVwP\nhFf8yE3e0gRxZ/0FpDeQz9haYMRza/s=\n-----END PRIVATE KEY-----\n",
            "public_key_fingerprint_md5": "4d:93:95:f6:b4:bf:a9:ab:a4:e8:fa:28:52:3a:41:7f",
            "public_key_fingerprint_sha256": "SHA256:f04BIqe+36QRu05tge7r13gNPJE+NFvAVa+arlM+O8M",
            "public_key_openssh": "ssh-rsa AAAAB3NzaC1yc2EAAAADAQABAAACAQDyocIeLO77wxfmlN8r50Nfk+tfvCOTUQMAok3lT1dLVkzWVZisNYpzbO8syX2j72QTvkCuuYiZVcrz/jJfvm0Sqkh0Qm4GP6dFz1w2K0aySacEeo8oo6t3NGDB4ElWrZKBJ9c23VHG53doxVKtG9GXxdwclE2Tok6AKBq2No5CYPcAWUauuGquMu9aPRRLGbAfNoNA/W8w2C8fbiE7K85aB9P9gfCZeHItCzSvoy1Z0wo5VyYwpr81dEIDTT0xDzFqLHm3SX+nYN03GNhaE55YDpw9FRWIwf+ozZM8hFKvoOi/WdwrZCJ633eZqUNSZLMWdD+jMtDR2WzbV/MmzkXf/qbOWxekc1Qu/drcbBjTws/iLkOCK7ug0ScQ0MJzMJ0sRTlsmcInDGlpsmLk/q5K1A4CnYLyTODXbuca7/UIeAbUaeuEng1G97T3V/bkMV102CjbRugvZ3P3w6SUyzNl7sGxrv+DwXkPitvrQUKwceLbX0WZ5l84J61NcZtI6hih469QYOttLFJl0D0Nol7cTvM1Ray5GhJp4oNkujpAy3OkmhDM3uh/dcaPNZut5BfsDiu3LhWUgMoHXcz9DWjE7jAKmSMntKKyZMmWJLWT0/y5GJ5GfEYCX6xb6koLhP0xeD08QILoTESSrbS8gqi58BwW0ArLO/H+ZpYUYWTEgQ==\n",
            "public_key_pem": "-----BEGIN PUBLIC KEY-----\nMIICIjANBgkqhkiG9w0BAQEFAAOCAg8AMIICCgKCAgEA8qHCHizu+8MX5pTfK+dD\nX5PrX7wjk1EDAKJN5U9XS1ZM1lWYrDWKc2zvLMl9o+9kE75ArrmImVXK8/4yX75t\nEqpIdEJuBj+nRc9cNitGskmnBHqPKKOrdzRgweBJVq2SgSfXNt1Rxud3aMVSrRvR\nl8XcHJRNk6JOgCgatjaOQmD3AFlGrrhqrjLvWj0USxmwHzaDQP1vMNgvH24hOyvO\nWgfT/YHwmXhyLQs0r6MtWdMKOVcmMKa/NXRCA009MQ8xaix5t0l/p2DdNxjYWhOe\nWA6cPRUViMH/qM2TPIRSr6Dov1ncK2Qiet93malDUmSzFnQ/ozLQ0dls21fzJs5F\n3/6mzlsXpHNULv3a3GwY08LP4i5Dgiu7oNEnENDCczCdLEU5bJnCJwxpabJi5P6u\nStQOAp2C8kzg127nGu/1CHgG1GnrhJ4NRve091f25DFddNgo20boL2dz98OklMsz\nZe7Bsa7/g8F5D4rb60FCsHHi219FmeZfOCetTXGbSOoYoeOvUGDrbSxSZdA9DaJe\n3E7zNUWsuRoSaeKDZLo6QMtzpJoQzN7of3XGjzWbreQX7A4rty4VlIDKB13M/Q1o\nxO4wCpkjJ7SismTJliS1k9P8uRieRnxGAl+sW+pKC4T9MXg9PECC6ExEkq20vIKo\nufAcFtAKyzvx/maWFGFkxIECAwEAAQ==\n-----END PUBLIC KEY-----\n",
            "rsa_bits": 4096
          },
          "sensitive_attributes": [
            [
              {
                "type": "get_attr",
                "value": "private_key_pem_pkcs8"
              }
            ],
            [
              {
                "type": "get_attr",
                "value": "private_key_pem"
              }
            ],
            [
              {
                "type": "get_attr",
                "value": "private_key_openssh"
              }
            ]
          ]
        }
      ]
    }
  ],
  "check_results": null
}
